
Microsoft Visual Studio Solution File, Format Version 12.00
# Visual Studio Version 16
VisualStudioVersion = 16.0.30002.166
MinimumVisualStudioVersion = 10.0.40219.1
Project("{FAE04EC0-301F-11D3-BF4B-00C04F79EFBC}") = "RetroCarShop", "RetroCarShop\RetroCarShop.csproj", "{93E3FF4E-68C5-48E5-96A8-844FF7FC0775}"
EndProject
Global
	GlobalSection(SolutionConfigurationPlatforms) = preSolution
		Debug|Any CPU = Debug|Any CPU
		Release|Any CPU = Release|Any CPU
	EndGlobalSection
	GlobalSection(ProjectConfigurationPlatforms) = postSolution
		{93E3FF4E-68C5-48E5-96A8-844FF7FC0775}.Debug|Any CPU.ActiveCfg = Debug|Any CPU
		{93E3FF4E-68C5-48E5-96A8-844FF7FC0775}.Debug|Any CPU.Build.0 = Debug|Any CPU
		{93E3FF4E-68C5-48E5-96A8-844FF7FC0775}.Release|Any CPU.ActiveCfg = Release|Any CPU
		{93E3FF4E-68C5-48E5-96A8-844FF7FC0775}.Release|Any CPU.Build.0 = Release|Any CPU
	EndGlobalSection
	GlobalSection(SolutionProperties) = preSolution
		HideSolutionNode = FALSE
	EndGlobalSection
	GlobalSection(ExtensibilityGlobals) = postSolution
		SolutionGuid = {2AEC6109-3CF2-48B9-AF97-BF88EF30C2E6}
	EndGlobalSection
EndGlobal
